
Microsoft Visual Studio Solution File, Format Version 12.00
# Visual Studio Version 16
VisualStudioVersion = 16.0.31702.278
MinimumVisualStudioVersion = 10.0.40219.1
Project("{FAE04EC0-301F-11D3-BF4B-00C04F79EFBC}") = "LB4", "LB4\LB4.csproj", "{3D6F4A87-2857-407F-98D4-6CE91839A313}"
EndProject
Global
	GlobalSection(SolutionConfigurationPlatforms) = preSolution
		Debug|Any CPU = Debug|Any CPU
		Release|Any CPU = Release|Any CPU
	EndGlobalSection
	GlobalSection(ProjectConfigurationPlatforms) = postSolution
		{3D6F4A87-2857-407F-98D4-6CE91839A313}.Debug|Any CPU.ActiveCfg = Debug|Any CPU
		{3D6F4A87-2857-407F-98D4-6CE91839A313}.Debug|Any CPU.Build.0 = Debug|Any CPU
		{3D6F4A87-2857-407F-98D4-6CE91839A313}.Release|Any CPU.ActiveCfg = Release|Any CPU
		{3D6F4A87-2857-407F-98D4-6CE91839A313}.Release|Any CPU.Build.0 = Release|Any CPU
	EndGlobalSection
	GlobalSection(SolutionProperties) = preSolution
		HideSolutionNode = FALSE
	EndGlobalSection
	GlobalSection(ExtensibilityGlobals) = postSolution
		SolutionGuid = {A26F45F8-568E-4FE1-9134-BFB61A28E56A}
	EndGlobalSection
EndGlobal
